Microsoft Visual Studio Solution File, Format Version 11.00
# Visual Studio 2010
Project("{F088123C-0E9E-452A-89E6-6BA2F21D5CAC}") = "TA.Modeling", "TA.Modeling\TA.Modeling.modelproj", "{E3F613C7-F4EF-49F6-A1E8-E5949235CBB6}"
EndProject
Project("{2150E333-8FDC-42A3-9474-1A3956D46DE8}") = "TA.Application", "TA.Application", "{6D052008-133A-46E3-9B92-16741D1E67B1}"
EndProject
Project("{2150E333-8FDC-42A3-9474-1A3956D46DE8}") = "TA.Application.Test", "TA.Application.Test", "{75BCA00A-3CCA-47DD-84C3-C78AC0EB536E}"
EndProject
Project("{FAE04EC0-301F-11D3-BF4B-00C04F79EFBC}") = "TA.Domain", "TA.Domain\TA.Domain.csproj", "{EA0252F0-D546-4A6B-BACA-1C16DF5EB1DB}"
EndProject
Project("{FAE04EC0-301F-11D3-BF4B-00C04F79EFBC}") = "TA.DataAccess.EF", "TA.DataAccess\TA.DataAccess.EF.csproj", "{B2456862-E4C5-49A1-A276-6B0E7F23E7D2}"
EndProject
Project("{FAE04EC0-301F-11D3-BF4B-00C04F79EFBC}") = "TA.Infrastructure", "TA.Infrastructure\TA.Infrastructure.csproj", "{EEA7905F-1650-4A91-B13B-1F1D957D1C57}"
EndProject
Project("{FAE04EC0-301F-11D3-BF4B-00C04F79EFBC}") = "TA.DataAccess.Test", "TA.DataAccessTest\TA.DataAccess.Test.csproj", "{FBB17544-11A1-4ABF-8E38-D37DD81AF40C}"
EndProject
Project("{2150E333-8FDC-42A3-9474-1A3956D46DE8}") = "Solution Items", "Solution Items", "{CD5748B9-27F3-4546-A1EF-FFD6261532AE}"
	ProjectSection(SolutionItems) = preProject
		Local.testsettings = Local.testsettings
		TA.vsmdi = TA.vsmdi
		TraceAndTestImpact.testsettings = TraceAndTestImpact.testsettings
	EndProjectSection
EndProject
Project("{FAE04EC0-301F-11D3-BF4B-00C04F79EFBC}") = "TA.Domain.Test", "TA.Domain.Test\TA.Domain.Test.csproj", "{6D76BACF-7D72-4CAA-AEE2-015F0977A540}"
EndProject
Project("{FAE04EC0-301F-11D3-BF4B-00C04F79EFBC}") = "TA.Infrastructure.Test", "TA.Infrastructure.Test\TA.Infrastructure.Test.csproj", "{7EC777F2-F3DA-47E2-8D27-CA9D72670B32}"
EndProject
Project("{FAE04EC0-301F-11D3-BF4B-00C04F79EFBC}") = "TA.Presentation", "TA.Presentation\TA.Presentation.csproj", "{E550A54C-CE59-407C-A980-69BA92092D33}"
EndProject
Project("{FAE04EC0-301F-11D3-BF4B-00C04F79EFBC}") = "TA.Presentation.Test", "TA.Presentation.Test\TA.Presentation.Test.csproj", "{9B1AD51D-3D2B-43C8-A488-157F9DFB3FA2}"
EndProject
Global
	GlobalSection(TestCaseManagementSettings) = postSolution
		CategoryFile = TA.vsmdi
	EndGlobalSection
	GlobalSection(SolutionConfigurationPlatforms) = preSolution
		Debug|Any CPU = Debug|Any CPU
		Release|Any CPU = Release|Any CPU
	EndGlobalSection
	GlobalSection(ProjectConfigurationPlatforms) = postSolution
		{E3F613C7-F4EF-49F6-A1E8-E5949235CBB6}.Debug|Any CPU.ActiveCfg = Debug|Any CPU
		{E3F613C7-F4EF-49F6-A1E8-E5949235CBB6}.Debug|Any CPU.Build.0 = Debug|Any CPU
		{E3F613C7-F4EF-49F6-A1E8-E5949235CBB6}.Release|Any CPU.ActiveCfg = Release|Any CPU
		{E3F613C7-F4EF-49F6-A1E8-E5949235CBB6}.Release|Any CPU.Build.0 = Release|Any CPU
		{EA0252F0-D546-4A6B-BACA-1C16DF5EB1DB}.Debug|Any CPU.ActiveCfg = Debug|Any CPU
		{EA0252F0-D546-4A6B-BACA-1C16DF5EB1DB}.Debug|Any CPU.Build.0 = Debug|Any CPU
		{EA0252F0-D546-4A6B-BACA-1C16DF5EB1DB}.Release|Any CPU.ActiveCfg = Release|Any CPU
		{EA0252F0-D546-4A6B-BACA-1C16DF5EB1DB}.Release|Any CPU.Build.0 = Release|Any CPU
		{B2456862-E4C5-49A1-A276-6B0E7F23E7D2}.Debug|Any CPU.ActiveCfg = Debug|Any CPU
		{B2456862-E4C5-49A1-A276-6B0E7F23E7D2}.Debug|Any CPU.Build.0 = Debug|Any CPU
		{B2456862-E4C5-49A1-A276-6B0E7F23E7D2}.Release|Any CPU.ActiveCfg = Release|Any CPU
		{B2456862-E4C5-49A1-A276-6B0E7F23E7D2}.Release|Any CPU.Build.0 = Release|Any CPU
		{EEA7905F-1650-4A91-B13B-1F1D957D1C57}.Debug|Any CPU.ActiveCfg = Debug|Any CPU
		{EEA7905F-1650-4A91-B13B-1F1D957D1C57}.Debug|Any CPU.Build.0 = Debug|Any CPU
		{EEA7905F-1650-4A91-B13B-1F1D957D1C57}.Release|Any CPU.ActiveCfg = Release|Any CPU
		{EEA7905F-1650-4A91-B13B-1F1D957D1C57}.Release|Any CPU.Build.0 = Release|Any CPU
		{FBB17544-11A1-4ABF-8E38-D37DD81AF40C}.Debug|Any CPU.ActiveCfg = Debug|Any CPU
		{FBB17544-11A1-4ABF-8E38-D37DD81AF40C}.Debug|Any CPU.Build.0 = Debug|Any CPU
		{FBB17544-11A1-4ABF-8E38-D37DD81AF40C}.Release|Any CPU.ActiveCfg = Release|Any CPU
		{FBB17544-11A1-4ABF-8E38-D37DD81AF40C}.Release|Any CPU.Build.0 = Release|Any CPU
		{6D76BACF-7D72-4CAA-AEE2-015F0977A540}.Debug|Any CPU.ActiveCfg = Debug|Any CPU
		{6D76BACF-7D72-4CAA-AEE2-015F0977A540}.Debug|Any CPU.Build.0 = Debug|Any CPU
		{6D76BACF-7D72-4CAA-AEE2-015F0977A540}.Release|Any CPU.ActiveCfg = Release|Any CPU
		{6D76BACF-7D72-4CAA-AEE2-015F0977A540}.Release|Any CPU.Build.0 = Release|Any CPU
		{7EC777F2-F3DA-47E2-8D27-CA9D72670B32}.Debug|Any CPU.ActiveCfg = Debug|Any CPU
		{7EC777F2-F3DA-47E2-8D27-CA9D72670B32}.Debug|Any CPU.Build.0 = Debug|Any CPU
		{7EC777F2-F3DA-47E2-8D27-CA9D72670B32}.Release|Any CPU.ActiveCfg = Release|Any CPU
		{7EC777F2-F3DA-47E2-8D27-CA9D72670B32}.Release|Any CPU.Build.0 = Release|Any CPU
		{E550A54C-CE59-407C-A980-69BA92092D33}.Debug|Any CPU.ActiveCfg = Debug|Any CPU
		{E550A54C-CE59-407C-A980-69BA92092D33}.Debug|Any CPU.Build.0 = Debug|Any CPU
		{E550A54C-CE59-407C-A980-69BA92092D33}.Release|Any CPU.ActiveCfg = Release|Any CPU
		{E550A54C-CE59-407C-A980-69BA92092D33}.Release|Any CPU.Build.0 = Release|Any CPU
		{9B1AD51D-3D2B-43C8-A488-157F9DFB3FA2}.Debug|Any CPU.ActiveCfg = Debug|Any CPU
		{9B1AD51D-3D2B-43C8-A488-157F9DFB3FA2}.Debug|Any CPU.Build.0 = Debug|Any CPU
		{9B1AD51D-3D2B-43C8-A488-157F9DFB3FA2}.Release|Any CPU.ActiveCfg = Release|Any CPU
		{9B1AD51D-3D2B-43C8-A488-157F9DFB3FA2}.Release|Any CPU.Build.0 = Release|Any CPU
	EndGlobalSection
	GlobalSection(SolutionProperties) = preSolution
		HideSolutionNode = FALSE
	EndGlobalSection
	GlobalSection(NestedProjects) = preSolution
		{E3F613C7-F4EF-49F6-A1E8-E5949235CBB6} = {6D052008-133A-46E3-9B92-16741D1E67B1}
		{EA0252F0-D546-4A6B-BACA-1C16DF5EB1DB} = {6D052008-133A-46E3-9B92-16741D1E67B1}
		{B2456862-E4C5-49A1-A276-6B0E7F23E7D2} = {6D052008-133A-46E3-9B92-16741D1E67B1}
		{EEA7905F-1650-4A91-B13B-1F1D957D1C57} = {6D052008-133A-46E3-9B92-16741D1E67B1}
		{E550A54C-CE59-407C-A980-69BA92092D33} = {6D052008-133A-46E3-9B92-16741D1E67B1}
		{FBB17544-11A1-4ABF-8E38-D37DD81AF40C} = {75BCA00A-3CCA-47DD-84C3-C78AC0EB536E}
		{6D76BACF-7D72-4CAA-AEE2-015F0977A540} = {75BCA00A-3CCA-47DD-84C3-C78AC0EB536E}
		{7EC777F2-F3DA-47E2-8D27-CA9D72670B32} = {75BCA00A-3CCA-47DD-84C3-C78AC0EB536E}
		{9B1AD51D-3D2B-43C8-A488-157F9DFB3FA2} = {75BCA00A-3CCA-47DD-84C3-C78AC0EB536E}
	EndGlobalSection
EndGlobal
